PODS:
  - Bow (0.3.0)
  - BowEffects (0.3.0):
    - Bow (~> 0.3.0)
  - BowOptics (0.3.0):
    - Bow (~> 0.3.0)
  - Nimble (8.0.1)
  - SwiftCheck (0.12.0)
  - SwiftLint (0.31.0)

DEPENDENCIES:
  - Bow
  - BowEffects
  - BowOptics
  - Nimble
  - SwiftCheck
  - SwiftLint

SPEC REPOS:
  https://github.com/cocoapods/specs.git:
    - Bow
    - BowEffects
    - BowOptics
    - Nimble
    - SwiftCheck
    - SwiftLint

SPEC CHECKSUMS:
  Bow: 00d66a7e26595923fc1b0aee922edaa84395b95d
  BowEffects: f42a3973cefc13a6745a2942a258a54126338e79
  BowOptics: 7468a490c6ad8120d3b60ad95078769ad4e59052
  Nimble: 45f786ae66faa9a709624227fae502db55a8bdd0
  SwiftCheck: d1dd04d955cc76620b0f84e087536bd059a11c24
  SwiftLint: 7a0227733d786395817373b2d0ca799fd0093ff3

PODFILE CHECKSUM: 4e9f53840ec224cc6d9ead0d09187f45f226583b

COCOAPODS: 1.5.3
