// !$*UTF8*$!
{
	archiveVersion = 1;
	classes = {
	};
	objectVersion = 50;
	objects = {

/* Begin PBXBuildFile section */
		017F319798B4CD5DEDAB074D /* Pods_SwiftKatas.framework in Frameworks */ = {isa = PBXBuildFile; fileRef = 069C85B4E09031CE60543C38 /* Pods_SwiftKatas.framework */; };
		2BAFBB0085B857BA894A86E9 /* Pods_SwiftKatasTests.framework in Frameworks */ = {isa = PBXBuildFile; fileRef = 61FDFFF1520EBF60504824DF /* Pods_SwiftKatasTests.framework */; };
		EB876CC421C505E3000934A4 /* AppDelegate.swift in Sources */ = {isa = PBXBuildFile; fileRef = EB876CC321C505E3000934A4 /* AppDelegate.swift */; };
		EB876CC621C505E3000934A4 /* ViewController.swift in Sources */ = {isa = PBXBuildFile; fileRef = EB876CC521C505E3000934A4 /* ViewController.swift */; };
		EB876CC921C505E3000934A4 /* Main.storyboard in Resources */ = {isa = PBXBuildFile; fileRef = EB876CC721C505E3000934A4 /* Main.storyboard */; };
		EB876CCB21C505E5000934A4 /* Assets.xcassets in Resources */ = {isa = PBXBuildFile; fileRef = EB876CCA21C505E5000934A4 /* Assets.xcassets */; };
		EB876CCE21C505E5000934A4 /* LaunchScreen.storyboard in Resources */ = {isa = PBXBuildFile; fileRef = EB876CCC21C505E5000934A4 /* LaunchScreen.storyboard */; };
		EB876CD921C505E5000934A4 /* SwiftKatasTests.swift in Sources */ = {isa = PBXBuildFile; fileRef = EB876CD821C505E5000934A4 /* SwiftKatasTests.swift */; };
		EB8F7B4921C50789001EF461 /* README.md in Resources */ = {isa = PBXBuildFile; fileRef = EB8F7B4821C50789001EF461 /* README.md */; };
		EB8F7B4C21C509CE001EF461 /* Fastfile in Resources */ = {isa = PBXBuildFile; fileRef = EB8F7B4B21C509CE001EF461 /* Fastfile */; };
		EB8F7B4E21C50C1B001EF461 /* Podfile in Resources */ = {isa = PBXBuildFile; fileRef = EB8F7B4D21C50C1B001EF461 /* Podfile */; };
/* End PBXBuildFile section */

/* Begin PBXContainerItemProxy section */
		EB876CD521C505E5000934A4 /* PBXContainerItemProxy */ = {
			isa = PBXContainerItemProxy;
			containerPortal = EB876CB821C505E3000934A4 /* Project object */;
			proxyType = 1;
			remoteGlobalIDString = EB876CBF21C505E3000934A4;
			remoteInfo = SwiftKatas;
		};
/* End PBXContainerItemProxy section */

/* Begin PBXFileReference section */
		002793E1FFBCA11B095F8059 /* Pods-SwiftKatas.debug.xcconfig */ = {isa = PBXFileReference; includeInIndex = 1; lastKnownFileType = text.xcconfig; name = "Pods-SwiftKatas.debug.xcconfig"; path = "Pods/Target Support Files/Pods-SwiftKatas/Pods-SwiftKatas.debug.xcconfig"; sourceTree = "<group>"; };
		019780E3C5A6EDB356C7B683 /* Pods-SwiftKatas.release.xcconfig */ = {isa = PBXFileReference; includeInIndex = 1; lastKnownFileType = text.xcconfig; name = "Pods-SwiftKatas.release.xcconfig"; path = "Pods/Target Support Files/Pods-SwiftKatas/Pods-SwiftKatas.release.xcconfig"; sourceTree = "<group>"; };
		069C85B4E09031CE60543C38 /* Pods_SwiftKatas.framework */ = {isa = PBXFileReference; explicitFileType = wrapper.framework; includeInIndex = 0; path = Pods_SwiftKatas.framework; sourceTree = BUILT_PRODUCTS_DIR; };
		61FDFFF1520EBF60504824DF /* Pods_SwiftKatasTests.framework */ = {isa = PBXFileReference; explicitFileType = wrapper.framework; includeInIndex = 0; path = Pods_SwiftKatasTests.framework; sourceTree = BUILT_PRODUCTS_DIR; };
		87214649C046F64695E384AE /* Pods-SwiftKatasTests.release.xcconfig */ = {isa = PBXFileReference; includeInIndex = 1; lastKnownFileType = text.xcconfig; name = "Pods-SwiftKatasTests.release.xcconfig"; path = "Pods/Target Support Files/Pods-SwiftKatasTests/Pods-SwiftKatasTests.release.xcconfig"; sourceTree = "<group>"; };
		C4395D21AFEFA61AE703CC38 /* Pods-SwiftKatasTests.debug.xcconfig */ = {isa = PBXFileReference; includeInIndex = 1; lastKnownFileType = text.xcconfig; name = "Pods-SwiftKatasTests.debug.xcconfig"; path = "Pods/Target Support Files/Pods-SwiftKatasTests/Pods-SwiftKatasTests.debug.xcconfig"; sourceTree = "<group>"; };
		EB876CC021C505E3000934A4 /* SwiftKatas.app */ = {isa = PBXFileReference; explicitFileType = wrapper.application; includeInIndex = 0; path = SwiftKatas.app; sourceTree = BUILT_PRODUCTS_DIR; };
		EB876CC321C505E3000934A4 /* AppDelegate.swift */ = {isa = PBXFileReference; lastKnownFileType = sourcecode.swift; path = AppDelegate.swift; sourceTree = "<group>"; };
		EB876CC521C505E3000934A4 /* ViewController.swift */ = {isa = PBXFileReference; lastKnownFileType = sourcecode.swift; path = ViewController.swift; sourceTree = "<group>"; };
		EB876CC821C505E3000934A4 /* Base */ = {isa = PBXFileReference; lastKnownFileType = file.storyboard; name = Base; path = Base.lproj/Main.storyboard; sourceTree = "<group>"; };
		EB876CCA21C505E5000934A4 /* Assets.xcassets */ = {isa = PBXFileReference; lastKnownFileType = folder.assetcatalog; path = Assets.xcassets; sourceTree = "<group>"; };
		EB876CCD21C505E5000934A4 /* Base */ = {isa = PBXFileReference; lastKnownFileType = file.storyboard; name = Base; path = Base.lproj/LaunchScreen.storyboard; sourceTree = "<group>"; };
		EB876CCF21C505E5000934A4 /* Info.plist */ = {isa = PBXFileReference; lastKnownFileType = text.plist.xml; path = Info.plist; sourceTree = "<group>"; };
		EB876CD421C505E5000934A4 /* SwiftKatasTests.xctest */ = {isa = PBXFileReference; explicitFileType = wrapper.cfbundle; includeInIndex = 0; path = SwiftKatasTests.xctest; sourceTree = BUILT_PRODUCTS_DIR; };
		EB876CD821C505E5000934A4 /* SwiftKatasTests.swift */ = {isa = PBXFileReference; lastKnownFileType = sourcecode.swift; path = SwiftKatasTests.swift; sourceTree = "<group>"; };
		EB876CDA21C505E5000934A4 /* Info.plist */ = {isa = PBXFileReference; lastKnownFileType = text.plist.xml; path = Info.plist; sourceTree = "<group>"; };
		EB8F7B4821C50789001EF461 /* README.md */ = {isa = PBXFileReference; fileEncoding = 4; lastKnownFileType = net.daringfireball.markdown; path = README.md; sourceTree = "<group>"; };
		EB8F7B4B21C509CE001EF461 /* Fastfile */ = {isa = PBXFileReference; lastKnownFileType = text; path = Fastfile; sourceTree = "<group>"; };
		EB8F7B4D21C50C1B001EF461 /* Podfile */ = {isa = PBXFileReference; fileEncoding = 4; lastKnownFileType = text; path = Podfile; sourceTree = "<group>"; };
/* End PBXFileReference section */

/* Begin PBXFrameworksBuildPhase section */
		EB876CBD21C505E3000934A4 /* Frameworks */ = {
			isa = PBXFrameworksBuildPhase;
			buildActionMask = 2147483647;
			files = (
				017F319798B4CD5DEDAB074D /* Pods_SwiftKatas.framework in Frameworks */,
			);
			runOnlyForDeploymentPostprocessing = 0;
		};
		EB876CD121C505E5000934A4 /* Frameworks */ = {
			isa = PBXFrameworksBuildPhase;
			buildActionMask = 2147483647;
			files = (
				2BAFBB0085B857BA894A86E9 /* Pods_SwiftKatasTests.framework in Frameworks */,
			);
			runOnlyForDeploymentPostprocessing = 0;
		};
/* End PBXFrameworksBuildPhase section */

/* Begin PBXGroup section */
		6871B4BA456AC10CA99143D2 /* Pods */ = {
			isa = PBXGroup;
			children = (
				002793E1FFBCA11B095F8059 /* Pods-SwiftKatas.debug.xcconfig */,
				019780E3C5A6EDB356C7B683 /* Pods-SwiftKatas.release.xcconfig */,
				C4395D21AFEFA61AE703CC38 /* Pods-SwiftKatasTests.debug.xcconfig */,
				87214649C046F64695E384AE /* Pods-SwiftKatasTests.release.xcconfig */,
			);
			name = Pods;
			sourceTree = "<group>";
		};
		AA1ABF5CFEC97C165BE4463A /* Frameworks */ = {
			isa = PBXGroup;
			children = (
				069C85B4E09031CE60543C38 /* Pods_SwiftKatas.framework */,
				61FDFFF1520EBF60504824DF /* Pods_SwiftKatasTests.framework */,
			);
			name = Frameworks;
			sourceTree = "<group>";
		};
		EB876CB721C505E3000934A4 = {
			isa = PBXGroup;
			children = (
				EB8F7B4D21C50C1B001EF461 /* Podfile */,
				EB8F7B4A21C509BB001EF461 /* fastlane */,
				EB8F7B4821C50789001EF461 /* README.md */,
				EB876CC221C505E3000934A4 /* SwiftKatas */,
				EB876CD721C505E5000934A4 /* SwiftKatasTests */,
				EB876CC121C505E3000934A4 /* Products */,
				6871B4BA456AC10CA99143D2 /* Pods */,
				AA1ABF5CFEC97C165BE4463A /* Frameworks */,
			);
			sourceTree = "<group>";
		};
		EB876CC121C505E3000934A4 /* Products */ = {
			isa = PBXGroup;
			children = (
				EB876CC021C505E3000934A4 /* SwiftKatas.app */,
				EB876CD421C505E5000934A4 /* SwiftKatasTests.xctest */,
			);
			name = Products;
			sourceTree = "<group>";
		};
		EB876CC221C505E3000934A4 /* SwiftKatas */ = {
			isa = PBXGroup;
			children = (
				EB876CC321C505E3000934A4 /* AppDelegate.swift */,
				EB876CC521C505E3000934A4 /* ViewController.swift */,
				EB876CC721C505E3000934A4 /* Main.storyboard */,
				EB876CCA21C505E5000934A4 /* Assets.xcassets */,
				EB876CCC21C505E5000934A4 /* LaunchScreen.storyboard */,
				EB876CCF21C505E5000934A4 /* Info.plist */,
			);
			path = SwiftKatas;
			sourceTree = "<group>";
		};
		EB876CD721C505E5000934A4 /* SwiftKatasTests */ = {
			isa = PBXGroup;
			children = (
				EB876CD821C505E5000934A4 /* SwiftKatasTests.swift */,
				EB876CDA21C505E5000934A4 /* Info.plist */,
			);
			path = SwiftKatasTests;
			sourceTree = "<group>";
		};
		EB8F7B4A21C509BB001EF461 /* fastlane */ = {
			isa = PBXGroup;
			children = (
				EB8F7B4B21C509CE001EF461 /* Fastfile */,
			);
			path = fastlane;
			sourceTree = "<group>";
		};
/* End PBXGroup section */

/* Begin PBXNativeTarget section */
		EB876CBF21C505E3000934A4 /* SwiftKatas */ = {
			isa = PBXNativeTarget;
			buildConfigurationList = EB876CDD21C505E5000934A4 /* Build configuration list for PBXNativeTarget "SwiftKatas" */;
			buildPhases = (
				3C7733EAB4C86A48E7EBF9E3 /* [CP] Check Pods Manifest.lock */,
				EB876CBC21C505E3000934A4 /* Sources */,
				EB876CBD21C505E3000934A4 /* Frameworks */,
				EB876CBE21C505E3000934A4 /* Resources */,
			);
			buildRules = (
			);
			dependencies = (
			);
			name = SwiftKatas;
			productName = SwiftKatas;
			productReference = EB876CC021C505E3000934A4 /* SwiftKatas.app */;
			productType = "com.apple.product-type.application";
		};
		EB876CD321C505E5000934A4 /* SwiftKatasTests */ = {
			isa = PBXNativeTarget;
			buildConfigurationList = EB876CE021C505E5000934A4 /* Build configuration list for PBXNativeTarget "SwiftKatasTests" */;
			buildPhases = (
				9B48AA7FB94E1FDC60D5E538 /* [CP] Check Pods Manifest.lock */,
				EB876CD021C505E5000934A4 /* Sources */,
				EB876CD121C505E5000934A4 /* Frameworks */,
				EB876CD221C505E5000934A4 /* Resources */,
			);
			buildRules = (
			);
			dependencies = (
				EB876CD621C505E5000934A4 /* PBXTargetDependency */,
			);
			name = SwiftKatasTests;
			productName = SwiftKatasTests;
			productReference = EB876CD421C505E5000934A4 /* SwiftKatasTests.xctest */;
			productType = "com.apple.product-type.bundle.unit-test";
		};
/* End PBXNativeTarget section */

/* Begin PBXProject section */
		EB876CB821C505E3000934A4 /* Project object */ = {
			isa = PBXProject;
			attributes = {
				LastSwiftUpdateCheck = 1010;
				LastUpgradeCheck = 1010;
				ORGANIZATIONNAME = "Pedro's Lab";
				TargetAttributes = {
					EB876CBF21C505E3000934A4 = {
						CreatedOnToolsVersion = 10.1;
					};
					EB876CD321C505E5000934A4 = {
						CreatedOnToolsVersion = 10.1;
						TestTargetID = EB876CBF21C505E3000934A4;
					};
				};
			};
			buildConfigurationList = EB876CBB21C505E3000934A4 /* Build configuration list for PBXProject "SwiftKatas" */;
			compatibilityVersion = "Xcode 9.3";
			developmentRegion = en;
			hasScannedForEncodings = 0;
			knownRegions = (
				en,
				Base,
			);
			mainGroup = EB876CB721C505E3000934A4;
			productRefGroup = EB876CC121C505E3000934A4 /* Products */;
			projectDirPath = "";
			projectRoot = "";
			targets = (
				EB876CBF21C505E3000934A4 /* SwiftKatas */,
				EB876CD321C505E5000934A4 /* SwiftKatasTests */,
			);
		};
/* End PBXProject section */

/* Begin PBXResourcesBuildPhase section */
		EB876CBE21C505E3000934A4 /* Resources */ = {
			isa = PBXResourcesBuildPhase;
			buildActionMask = 2147483647;
			files = (
				EB8F7B4E21C50C1B001EF461 /* Podfile in Resources */,
				EB8F7B4C21C509CE001EF461 /* Fastfile in Resources */,
				EB876CCE21C505E5000934A4 /* LaunchScreen.storyboard in Resources */,
				EB876CCB21C505E5000934A4 /* Assets.xcassets in Resources */,
				EB8F7B4921C50789001EF461 /* README.md in Resources */,
				EB876CC921C505E3000934A4 /* Main.storyboard in Resources */,
			);
			runOnlyForDeploymentPostprocessing = 0;
		};
		EB876CD221C505E5000934A4 /* Resources */ = {
			isa = PBXResourcesBuildPhase;
			buildActionMask = 2147483647;
			files = (
			);
			runOnlyForDeploymentPostprocessing = 0;
		};
/* End PBXResourcesBuildPhase section */

/* Begin PBXShellScriptBuildPhase section */
		3C7733EAB4C86A48E7EBF9E3 /* [CP] Check Pods Manifest.lock */ = {
			isa = PBXShellScriptBuildPhase;
			buildActionMask = 2147483647;
			files = (
			);
			inputFileListPaths = (
			);
			inputPaths = (
				"${PODS_PODFILE_DIR_PATH}/Podfile.lock",
				"${PODS_ROOT}/Manifest.lock",
			);
			name = "[CP] Check Pods Manifest.lock";
			outputFileListPaths = (
			);
			outputPaths = (
				"$(DERIVED_FILE_DIR)/Pods-SwiftKatas-checkManifestLockResult.txt",
			);
			runOnlyForDeploymentPostprocessing = 0;
			shellPath = /bin/sh;
			shellScript = "diff \"${PODS_PODFILE_DIR_PATH}/Podfile.lock\" \"${PODS_ROOT}/Manifest.lock\" > /dev/null\nif [ $? != 0 ] ; then\n    # print error to STDERR\n    echo \"error: The sandbox is not in sync with the Podfile.lock. Run 'pod install' or update your CocoaPods installation.\" >&2\n    exit 1\nfi\n# This output is used by Xcode 'outputs' to avoid re-running this script phase.\necho \"SUCCESS\" > \"${SCRIPT_OUTPUT_FILE_0}\"\n";
			showEnvVarsInLog = 0;
		};
		9B48AA7FB94E1FDC60D5E538 /* [CP] Check Pods Manifest.lock */ = {
			isa = PBXShellScriptBuildPhase;
			buildActionMask = 2147483647;
			files = (
			);
			inputFileListPaths = (
			);
			inputPaths = (
				"${PODS_PODFILE_DIR_PATH}/Podfile.lock",
				"${PODS_ROOT}/Manifest.lock",
			);
			name = "[CP] Check Pods Manifest.lock";
			outputFileListPaths = (
			);
			outputPaths = (
				"$(DERIVED_FILE_DIR)/Pods-SwiftKatasTests-checkManifestLockResult.txt",
			);
			runOnlyForDeploymentPostprocessing = 0;
			shellPath = /bin/sh;
			shellScript = "diff \"${PODS_PODFILE_DIR_PATH}/Podfile.lock\" \"${PODS_ROOT}/Manifest.lock\" > /dev/null\nif [ $? != 0 ] ; then\n    # print error to STDERR\n    echo \"error: The sandbox is not in sync with the Podfile.lock. Run 'pod install' or update your CocoaPods installation.\" >&2\n    exit 1\nfi\n# This output is used by Xcode 'outputs' to avoid re-running this script phase.\necho \"SUCCESS\" > \"${SCRIPT_OUTPUT_FILE_0}\"\n";
			showEnvVarsInLog = 0;
		};
/* End PBXShellScriptBuildPhase section */

/* Begin PBXSourcesBuildPhase section */
		EB876CBC21C505E3000934A4 /* Sources */ = {
			isa = PBXSourcesBuildPhase;
			buildActionMask = 2147483647;
			files = (
				EB876CC621C505E3000934A4 /* ViewController.swift in Sources */,
				EB876CC421C505E3000934A4 /* AppDelegate.swift in Sources */,
			);
			runOnlyForDeploymentPostprocessing = 0;
		};
		EB876CD021C505E5000934A4 /* Sources */ = {
			isa = PBXSourcesBuildPhase;
			buildActionMask = 2147483647;
			files = (
				EB876CD921C505E5000934A4 /* SwiftKatasTests.swift in Sources */,
			);
			runOnlyForDeploymentPostprocessing = 0;
		};
/* End PBXSourcesBuildPhase section */

/* Begin PBXTargetDependency section */
		EB876CD621C505E5000934A4 /* PBXTargetDependency */ = {
			isa = PBXTargetDependency;
			target = EB876CBF21C505E3000934A4 /* SwiftKatas */;
			targetProxy = EB876CD521C505E5000934A4 /* PBXContainerItemProxy */;
		};
/* End PBXTargetDependency section */

/* Begin PBXVariantGroup section */
		EB876CC721C505E3000934A4 /* Main.storyboard */ = {
			isa = PBXVariantGroup;
			children = (
				EB876CC821C505E3000934A4 /* Base */,
			);
			name = Main.storyboard;
			sourceTree = "<group>";
		};
		EB876CCC21C505E5000934A4 /* LaunchScreen.storyboard */ = {
			isa = PBXVariantGroup;
			children = (
				EB876CCD21C505E5000934A4 /* Base */,
			);
			name = LaunchScreen.storyboard;
			sourceTree = "<group>";
		};
/* End PBXVariantGroup section */

/* Begin XCBuildConfiguration section */
		EB876CDB21C505E5000934A4 /* Debug */ = {
			isa = XCBuildConfiguration;
			buildSettings = {
				ALWAYS_SEARCH_USER_PATHS = NO;
				CLANG_ANALYZER_NONNULL = YES;
				CLANG_ANALYZER_NUMBER_OBJECT_CONVERSION = YES_AGGRESSIVE;
				CLANG_CXX_LANGUAGE_STANDARD = "gnu++14";
				CLANG_CXX_LIBRARY = "libc++";
				CLANG_ENABLE_MODULES = YES;
				CLANG_ENABLE_OBJC_ARC = YES;
				CLANG_ENABLE_OBJC_WEAK = YES;
				CLANG_WARN_BLOCK_CAPTURE_AUTORELEASING = YES;
				CLANG_WARN_BOOL_CONVERSION = YES;
				CLANG_WARN_COMMA = YES;
				CLANG_WARN_CONSTANT_CONVERSION = YES;
				CLANG_WARN_DEPRECATED_OBJC_IMPLEMENTATIONS = YES;
				CLANG_WARN_DIRECT_OBJC_ISA_USAGE = YES_ERROR;
				CLANG_WARN_DOCUMENTATION_COMMENTS = YES;
				CLANG_WARN_EMPTY_BODY = YES;
				CLANG_WARN_ENUM_CONVERSION = YES;
				CLANG_WARN_INFINITE_RECURSION = YES;
				CLANG_WARN_INT_CONVERSION = YES;
				CLANG_WARN_NON_LITERAL_NULL_CONVERSION = YES;
				CLANG_WARN_OBJC_IMPLICIT_RETAIN_SELF = YES;
				CLANG_WARN_OBJC_LITERAL_CONVERSION = YES;
				CLANG_WARN_OBJC_ROOT_CLASS = YES_ERROR;
				CLANG_WARN_RANGE_LOOP_ANALYSIS = YES;
				CLANG_WARN_STRICT_PROTOTYPES = YES;
				CLANG_WARN_SUSPICIOUS_MOVE = YES;
				CLANG_WARN_UNGUARDED_AVAILABILITY = YES_AGGRESSIVE;
				CLANG_WARN_UNREACHABLE_CODE = YES;
				CLANG_WARN__DUPLICATE_METHOD_MATCH = YES;
				CODE_SIGN_IDENTITY = "iPhone Developer";
				COPY_PHASE_STRIP = NO;
				DEBUG_INFORMATION_FORMAT = dwarf;
				ENABLE_STRICT_OBJC_MSGSEND = YES;
				ENABLE_TESTABILITY = YES;
				GCC_C_LANGUAGE_STANDARD = gnu11;
				GCC_DYNAMIC_NO_PIC = NO;
				GCC_NO_COMMON_BLOCKS = YES;
				GCC_OPTIMIZATION_LEVEL = 0;
				GCC_PREPROCESSOR_DEFINITIONS = (
					"DEBUG=1",
					"$(inherited)",
				);
				GCC_WARN_64_TO_32_BIT_CONVERSION = YES;
				GCC_WARN_ABOUT_RETURN_TYPE = YES_ERROR;
				GCC_WARN_UNDECLARED_SELECTOR = YES;
				GCC_WARN_UNINITIALIZED_AUTOS = YES_AGGRESSIVE;
				GCC_WARN_UNUSED_FUNCTION = YES;
				GCC_WARN_UNUSED_VARIABLE = YES;
				IPHONEOS_DEPLOYMENT_TARGET = 12.1;
				MTL_ENABLE_DEBUG_INFO = INCLUDE_SOURCE;
				MTL_FAST_MATH = YES;
				ONLY_ACTIVE_ARCH = YES;
				SDKROOT = iphoneos;
				SWIFT_ACTIVE_COMPILATION_CONDITIONS = DEBUG;
				SWIFT_OPTIMIZATION_LEVEL = "-Onone";
			};
			name = Debug;
		};
		EB876CDC21C505E5000934A4 /* Release */ = {
			isa = XCBuildConfiguration;
			buildSettings = {
				ALWAYS_SEARCH_USER_PATHS = NO;
				CLANG_ANALYZER_NONNULL = YES;
				CLANG_ANALYZER_NUMBER_OBJECT_CONVERSION = YES_AGGRESSIVE;
				CLANG_CXX_LANGUAGE_STANDARD = "gnu++14";
				CLANG_CXX_LIBRARY = "libc++";
				CLANG_ENABLE_MODULES = YES;
				CLANG_ENABLE_OBJC_ARC = YES;
				CLANG_ENABLE_OBJC_WEAK = YES;
				CLANG_WARN_BLOCK_CAPTURE_AUTORELEASING = YES;
				CLANG_WARN_BOOL_CONVERSION = YES;
				CLANG_WARN_COMMA = YES;
				CLANG_WARN_CONSTANT_CONVERSION = YES;
				CLANG_WARN_DEPRECATED_OBJC_IMPLEMENTATIONS = YES;
				CLANG_WARN_DIRECT_OBJC_ISA_USAGE = YES_ERROR;
				CLANG_WARN_DOCUMENTATION_COMMENTS = YES;
				CLANG_WARN_EMPTY_BODY = YES;
				CLANG_WARN_ENUM_CONVERSION = YES;
				CLANG_WARN_INFINITE_RECURSION = YES;
				CLANG_WARN_INT_CONVERSION = YES;
				CLANG_WARN_NON_LITERAL_NULL_CONVERSION = YES;
				CLANG_WARN_OBJC_IMPLICIT_RETAIN_SELF = YES;
				CLANG_WARN_OBJC_LITERAL_CONVERSION = YES;
				CLANG_WARN_OBJC_ROOT_CLASS = YES_ERROR;
				CLANG_WARN_RANGE_LOOP_ANALYSIS = YES;
				CLANG_WARN_STRICT_PROTOTYPES = YES;
				CLANG_WARN_SUSPICIOUS_MOVE = YES;
				CLANG_WARN_UNGUARDED_AVAILABILITY = YES_AGGRESSIVE;
				CLANG_WARN_UNREACHABLE_CODE = YES;
				CLANG_WARN__DUPLICATE_METHOD_MATCH = YES;
				CODE_SIGN_IDENTITY = "iPhone Developer";
				COPY_PHASE_STRIP = NO;
				DEBUG_INFORMATION_FORMAT = "dwarf-with-dsym";
				ENABLE_NS_ASSERTIONS = NO;
				ENABLE_STRICT_OBJC_MSGSEND = YES;
				GCC_C_LANGUAGE_STANDARD = gnu11;
				GCC_NO_COMMON_BLOCKS = YES;
				GCC_WARN_64_TO_32_BIT_CONVERSION = YES;
				GCC_WARN_ABOUT_RETURN_TYPE = YES_ERROR;
				GCC_WARN_UNDECLARED_SELECTOR = YES;
				GCC_WARN_UNINITIALIZED_AUTOS = YES_AGGRESSIVE;
				GCC_WARN_UNUSED_FUNCTION = YES;
				GCC_WARN_UNUSED_VARIABLE = YES;
				IPHONEOS_DEPLOYMENT_TARGET = 12.1;
				MTL_ENABLE_DEBUG_INFO = NO;
				MTL_FAST_MATH = YES;
				SDKROOT = iphoneos;
				SWIFT_COMPILATION_MODE = wholemodule;
				SWIFT_OPTIMIZATION_LEVEL = "-O";
				VALIDATE_PRODUCT = YES;
			};
			name = Release;
		};
		EB876CDE21C505E5000934A4 /* Debug */ = {
			isa = XCBuildConfiguration;
			baseConfigurationReference = 002793E1FFBCA11B095F8059 /* Pods-SwiftKatas.debug.xcconfig */;
			buildSettings = {
				ASSETCATALOG_COMPILER_APPICON_NAME = AppIcon;
				CODE_SIGN_STYLE = Automatic;
				INFOPLIST_FILE = SwiftKatas/Info.plist;
				LD_RUNPATH_SEARCH_PATHS = (
					"$(inherited)",
					"@executable_path/Frameworks",
				);
				PRODUCT_BUNDLE_IDENTIFIER = com.github.pedrovgs.SwiftKatas;
				PRODUCT_NAME = "$(TARGET_NAME)";
				SWIFT_VERSION = 4.2;
				TARGETED_DEVICE_FAMILY = "1,2";
			};
			name = Debug;
		};
		EB876CDF21C505E5000934A4 /* Release */ = {
			isa = XCBuildConfiguration;
			baseConfigurationReference = 019780E3C5A6EDB356C7B683 /* Pods-SwiftKatas.release.xcconfig */;
			buildSettings = {
				ASSETCATALOG_COMPILER_APPICON_NAME = AppIcon;
				CODE_SIGN_STYLE = Automatic;
				INFOPLIST_FILE = SwiftKatas/Info.plist;
				LD_RUNPATH_SEARCH_PATHS = (
					"$(inherited)",
					"@executable_path/Frameworks",
				);
				PRODUCT_BUNDLE_IDENTIFIER = com.github.pedrovgs.SwiftKatas;
				PRODUCT_NAME = "$(TARGET_NAME)";
				SWIFT_VERSION = 4.2;
				TARGETED_DEVICE_FAMILY = "1,2";
			};
			name = Release;
		};
		EB876CE121C505E5000934A4 /* Debug */ = {
			isa = XCBuildConfiguration;
			baseConfigurationReference = C4395D21AFEFA61AE703CC38 /* Pods-SwiftKatasTests.debug.xcconfig */;
			buildSettings = {
				ALWAYS_EMBED_SWIFT_STANDARD_LIBRARIES = YES;
				BUNDLE_LOADER = "$(TEST_HOST)";
				CODE_SIGN_STYLE = Automatic;
				INFOPLIST_FILE = SwiftKatasTests/Info.plist;
				LD_RUNPATH_SEARCH_PATHS = (
					"$(inherited)",
					"@executable_path/Frameworks",
					"@loader_path/Frameworks",
				);
				PRODUCT_BUNDLE_IDENTIFIER = com.github.pedrovgs.SwiftKatasTests;
				PRODUCT_NAME = "$(TARGET_NAME)";
				SWIFT_VERSION = 4.2;
				TARGETED_DEVICE_FAMILY = "1,2";
				TEST_HOST = "$(BUILT_PRODUCTS_DIR)/SwiftKatas.app/SwiftKatas";
			};
			name = Debug;
		};
		EB876CE221C505E5000934A4 /* Release */ = {
			isa = XCBuildConfiguration;
			baseConfigurationReference = 87214649C046F64695E384AE /* Pods-SwiftKatasTests.release.xcconfig */;
			buildSettings = {
				ALWAYS_EMBED_SWIFT_STANDARD_LIBRARIES = YES;
				BUNDLE_LOADER = "$(TEST_HOST)";
				CODE_SIGN_STYLE = Automatic;
				INFOPLIST_FILE = SwiftKatasTests/Info.plist;
				LD_RUNPATH_SEARCH_PATHS = (
					"$(inherited)",
					"@executable_path/Frameworks",
					"@loader_path/Frameworks",
				);
				PRODUCT_BUNDLE_IDENTIFIER = com.github.pedrovgs.SwiftKatasTests;
				PRODUCT_NAME = "$(TARGET_NAME)";
				SWIFT_VERSION = 4.2;
				TARGETED_DEVICE_FAMILY = "1,2";
				TEST_HOST = "$(BUILT_PRODUCTS_DIR)/SwiftKatas.app/SwiftKatas";
			};
			name = Release;
		};
/* End XCBuildConfiguration section */

/* Begin XCConfigurationList section */
		EB876CBB21C505E3000934A4 /* Build configuration list for PBXProject "SwiftKatas" */ = {
			isa = XCConfigurationList;
			buildConfigurations = (
				EB876CDB21C505E5000934A4 /* Debug */,
				EB876CDC21C505E5000934A4 /* Release */,
			);
			defaultConfigurationIsVisible = 0;
			defaultConfigurationName = Release;
		};
		EB876CDD21C505E5000934A4 /* Build configuration list for PBXNativeTarget "SwiftKatas" */ = {
			isa = XCConfigurationList;
			buildConfigurations = (
				EB876CDE21C505E5000934A4 /* Debug */,
				EB876CDF21C505E5000934A4 /* Release */,
			);
			defaultConfigurationIsVisible = 0;
			defaultConfigurationName = Release;
		};
		EB876CE021C505E5000934A4 /* Build configuration list for PBXNativeTarget "SwiftKatasTests" */ = {
			isa = XCConfigurationList;
			buildConfigurations = (
				EB876CE121C505E5000934A4 /* Debug */,
				EB876CE221C505E5000934A4 /* Release */,
			);
			defaultConfigurationIsVisible = 0;
			defaultConfigurationName = Release;
		};
/* End XCConfigurationList section */
	};
	rootObject = EB876CB821C505E3000934A4 /* Project object */;
}
